
Microsoft Visual Studio Solution File, Format Version 12.00
# Visual Studio Version 16
VisualStudioVersion = 16.0.31605.320
MinimumVisualStudioVersion = 10.0.40219.1
Project("{2150E333-8FDC-42A3-9474-1A3956D46DE8}") = "src", "src", "{BF1BED4F-56E9-4D1E-A28B-1F17CAF26DCA}"
EndProject
Project("{2150E333-8FDC-42A3-9474-1A3956D46DE8}") = "Core", "Core", "{065726B6-F5A0-4924-B05B-16802BF04D9F}"
EndProject
Project("{9A19103F-16F7-4668-BE54-9A1E7A4F7556}") = "Application", "Application\Application.csproj", "{0F43ED06-C6FE-4BB1-B882-CEFF3332E1F2}"
EndProject
Project("{9A19103F-16F7-4668-BE54-9A1E7A4F7556}") = "Domain", "Domain\Domain.csproj", "{67CD0FA9-1B85-4412-991C-995AFDF831C5}"
EndProject
Project("{2150E333-8FDC-42A3-9474-1A3956D46DE8}") = "Infraestucture", "Infraestucture", "{2D14F0E8-431E-493D-B7F8-792C78341C3F}"
EndProject
Project("{2150E333-8FDC-42A3-9474-1A3956D46DE8}") = "Presentation", "Presentation", "{514CC597-63D0-4ADB-8EC3-4BCB5DA01D97}"
EndProject
Project("{9A19103F-16F7-4668-BE54-9A1E7A4F7556}") = "Persistence", "Persistence\Persistence.csproj", "{413B8544-2D23-4CA2-BBDB-8DB37CA53083}"
EndProject
Project("{9A19103F-16F7-4668-BE54-9A1E7A4F7556}") = "Shared", "Shared\Shared.csproj", "{9A5E5CD1-00CE-4E77-A8B5-AF1BCEFE15D1}"
EndProject
Project("{9A19103F-16F7-4668-BE54-9A1E7A4F7556}") = "WebApi", "WebApi\WebApi.csproj", "{F1CF8F25-CDD8-4F94-B93A-94FF229BA6EB}"
EndProject
Project("{FAE04EC0-301F-11D3-BF4B-00C04F79EFBC}") = "Identity", "Identity\Identity.csproj", "{E1B40643-6208-46FA-BDC3-92DE645AB23E}"
EndProject
Global
	GlobalSection(SolutionConfigurationPlatforms) = preSolution
		Debug|Any CPU = Debug|Any CPU
		Release|Any CPU = Release|Any CPU
	EndGlobalSection
	GlobalSection(ProjectConfigurationPlatforms) = postSolution
		{0F43ED06-C6FE-4BB1-B882-CEFF3332E1F2}.Debug|Any CPU.ActiveCfg = Debug|Any CPU
		{0F43ED06-C6FE-4BB1-B882-CEFF3332E1F2}.Debug|Any CPU.Build.0 = Debug|Any CPU
		{0F43ED06-C6FE-4BB1-B882-CEFF3332E1F2}.Release|Any CPU.ActiveCfg = Release|Any CPU
		{0F43ED06-C6FE-4BB1-B882-CEFF3332E1F2}.Release|Any CPU.Build.0 = Release|Any CPU
		{67CD0FA9-1B85-4412-991C-995AFDF831C5}.Debug|Any CPU.ActiveCfg = Debug|Any CPU
		{67CD0FA9-1B85-4412-991C-995AFDF831C5}.Debug|Any CPU.Build.0 = Debug|Any CPU
		{67CD0FA9-1B85-4412-991C-995AFDF831C5}.Release|Any CPU.ActiveCfg = Release|Any CPU
		{67CD0FA9-1B85-4412-991C-995AFDF831C5}.Release|Any CPU.Build.0 = Release|Any CPU
		{413B8544-2D23-4CA2-BBDB-8DB37CA53083}.Debug|Any CPU.ActiveCfg = Debug|Any CPU
		{413B8544-2D23-4CA2-BBDB-8DB37CA53083}.Debug|Any CPU.Build.0 = Debug|Any CPU
		{413B8544-2D23-4CA2-BBDB-8DB37CA53083}.Release|Any CPU.ActiveCfg = Release|Any CPU
		{413B8544-2D23-4CA2-BBDB-8DB37CA53083}.Release|Any CPU.Build.0 = Release|Any CPU
		{9A5E5CD1-00CE-4E77-A8B5-AF1BCEFE15D1}.Debug|Any CPU.ActiveCfg = Debug|Any CPU
		{9A5E5CD1-00CE-4E77-A8B5-AF1BCEFE15D1}.Debug|Any CPU.Build.0 = Debug|Any CPU
		{9A5E5CD1-00CE-4E77-A8B5-AF1BCEFE15D1}.Release|Any CPU.ActiveCfg = Release|Any CPU
		{9A5E5CD1-00CE-4E77-A8B5-AF1BCEFE15D1}.Release|Any CPU.Build.0 = Release|Any CPU
		{F1CF8F25-CDD8-4F94-B93A-94FF229BA6EB}.Debug|Any CPU.ActiveCfg = Debug|Any CPU
		{F1CF8F25-CDD8-4F94-B93A-94FF229BA6EB}.Debug|Any CPU.Build.0 = Debug|Any CPU
		{F1CF8F25-CDD8-4F94-B93A-94FF229BA6EB}.Release|Any CPU.ActiveCfg = Release|Any CPU
		{F1CF8F25-CDD8-4F94-B93A-94FF229BA6EB}.Release|Any CPU.Build.0 = Release|Any CPU
		{E1B40643-6208-46FA-BDC3-92DE645AB23E}.Debug|Any CPU.ActiveCfg = Debug|Any CPU
		{E1B40643-6208-46FA-BDC3-92DE645AB23E}.Debug|Any CPU.Build.0 = Debug|Any CPU
		{E1B40643-6208-46FA-BDC3-92DE645AB23E}.Release|Any CPU.ActiveCfg = Release|Any CPU
		{E1B40643-6208-46FA-BDC3-92DE645AB23E}.Release|Any CPU.Build.0 = Release|Any CPU
	EndGlobalSection
	GlobalSection(SolutionProperties) = preSolution
		HideSolutionNode = FALSE
	EndGlobalSection
	GlobalSection(NestedProjects) = preSolution
		{065726B6-F5A0-4924-B05B-16802BF04D9F} = {BF1BED4F-56E9-4D1E-A28B-1F17CAF26DCA}
		{0F43ED06-C6FE-4BB1-B882-CEFF3332E1F2} = {065726B6-F5A0-4924-B05B-16802BF04D9F}
		{67CD0FA9-1B85-4412-991C-995AFDF831C5} = {065726B6-F5A0-4924-B05B-16802BF04D9F}
		{2D14F0E8-431E-493D-B7F8-792C78341C3F} = {BF1BED4F-56E9-4D1E-A28B-1F17CAF26DCA}
		{514CC597-63D0-4ADB-8EC3-4BCB5DA01D97} = {BF1BED4F-56E9-4D1E-A28B-1F17CAF26DCA}
		{413B8544-2D23-4CA2-BBDB-8DB37CA53083} = {2D14F0E8-431E-493D-B7F8-792C78341C3F}
		{9A5E5CD1-00CE-4E77-A8B5-AF1BCEFE15D1} = {2D14F0E8-431E-493D-B7F8-792C78341C3F}
		{F1CF8F25-CDD8-4F94-B93A-94FF229BA6EB} = {514CC597-63D0-4ADB-8EC3-4BCB5DA01D97}
		{E1B40643-6208-46FA-BDC3-92DE645AB23E} = {2D14F0E8-431E-493D-B7F8-792C78341C3F}
	EndGlobalSection
	GlobalSection(ExtensibilityGlobals) = postSolution
		SolutionGuid = {F530DEBF-A6D0-401F-AEA2-164E88AE87D4}
	EndGlobalSection
EndGlobal
